<?xml version="1.0" encoding="utf-8"?>
<Project ToolsVersion="4.0" xmlns="http://schemas.microsoft.com/developer/msbuild/2003">
  <ItemGroup>
    <Filter Include="Source Files">
      <UniqueIdentifier>{4FC737F1-C7A5-4376-A066-2A32D752A2FF}</UniqueIdentifier>
      <Extensions>cpp;c;cc;cxx;def;odl;idl;hpj;bat;asm;asmx</Extensions>
    </Filter>
    <Filter Include="Header Files">
      <UniqueIdentifier>{93995380-89BD-4b04-88EB-625FBE52EBFB}</UniqueIdentifier>
      <Extensions>h;hh;hpp;hxx;hm;inl;inc;xsd</Extensions>
    </Filter>
    <Filter Include="Resource Files">
      <UniqueIdentifier>{67DA6AB6-F800-4c08-8B7A-83BB121AAD01}</UniqueIdentifier>
      <Extensions>rc;ico;cur;bmp;dlg;rc2;rct;bin;rgs;gif;jpg;jpeg;jpe;resx;tiff;tif;png;wav;mfcribbon-ms</Extensions>
    </Filter>
  </ItemGroup>
  <ItemGroup>
    <ClCompile Include="..\..\ssifSource\mplsReader.c">
      <Filter>Source Files</Filter>
    </ClCompile>
    <ClCompile Include="..\..\ssifSource\dllmain.cpp">
      <Filter>Source Files</Filter>
    </ClCompile>
    <ClCompile Include="..\..\ssifSource\DumpFilter.cpp">
      <Filter>Source Files</Filter>
    </ClCompile>
    <ClCompile Include="..\..\ssifSource\Filter.mplsSource.cpp">
      <Filter>Source Files</Filter>
    </ClCompile>
    <ClCompile Include="..\..\ssifSource\Filter.mplsSource2.cpp">
      <Filter>Source Files</Filter>
    </ClCompile>
    <ClCompile Include="..\..\ssifSource\Filter.ssifSource.cpp">
      <Filter>Source Files</Filter>
    </ClCompile>
    <ClCompile Include="..\..\ssifSource\stdafx.cpp">
      <Filter>Source Files</Filter>
    </ClCompile>
    <ClCompile Include="..\..\ssifSource\Tools.DirectShow.cpp">
      <Filter>Source Files</Filter>
    </ClCompile>
  </ItemGroup>
  <ItemGroup>
    <ClInclude Include="..\..\ssifSource\DumpFilter.hpp">
      <Filter>Header Files</Filter>
    </ClInclude>
    <ClInclude Include="..\..\ssifSource\Filter.mplsSource.hpp">
      <Filter>Header Files</Filter>
    </ClInclude>
    <ClInclude Include="..\..\ssifSource\Filter.mplsSource2.hpp">
      <Filter>Header Files</Filter>
    </ClInclude>
    <ClInclude Include="..\..\ssifSource\Filter.ssifSource.hpp">
      <Filter>Header Files</Filter>
    </ClInclude>
    <ClInclude Include="..\..\ssifSource\mplsReader.h">
      <Filter>Header Files</Filter>
    </ClInclude>
    <ClInclude Include="..\..\ssifSource\resource.h">
      <Filter>Header Files</Filter>
    </ClInclude>
    <ClInclude Include="..\..\ssifSource\stdafx.h">
      <Filter>Header Files</Filter>
    </ClInclude>
    <ClInclude Include="..\..\ssifSource\Tools.DirectShow.hpp">
      <Filter>Header Files</Filter>
    </ClInclude>
    <ClInclude Include="version.h">
      <Filter>Header Files</Filter>
    </ClInclude>
  </ItemGroup>
  <ItemGroup>
    <ResourceCompile Include="..\..\ssifSource\ssifSource.rc">
      <Filter>Resource Files</Filter>
    </ResourceCompile>
  </ItemGroup>
  <ItemGroup>
    <Content Include="..\..\ssifSource\ldecod.exe">
      <Filter>Resource Files</Filter>
    </Content>
    <Content Include="..\..\ssifSource\MVCCombine.exe">
      <Filter>Resource Files</Filter>
    </Content>
    <Content Include="..\..\ssifSource\sample_decode.exe">
      <Filter>Resource Files</Filter>
    </Content>
    <Content Include="..\..\ssifSource\tsMuxeR.exe">
      <Filter>Resource Files</Filter>
    </Content>
    <Content Include="..\..\ssifSource\libmfxsw64.dll">
      <Filter>Resource Files</Filter>
    </Content>
    <Content Include="..\..\ssifSource\vcomp90.dll">
      <Filter>Resource Files</Filter>
    </Content>
    <Content Include="..\..\ssifSource\vcomp90d.dll">
      <Filter>Resource Files</Filter>
    </Content>
  </ItemGroup>
</Project>