<?xml version="1.0" encoding="utf-8"?>
<Project ToolsVersion="4.0" xmlns="http://schemas.microsoft.com/developer/msbuild/2003">
  <ItemGroup>
    <Filter Include="Source Files">
      <UniqueIdentifier>{4FC737F1-C7A5-4376-A066-2A32D752A2FF}</UniqueIdentifier>
      <Extensions>cpp;c;cc;cxx;def;odl;idl;hpj;bat;asm;asmx</Extensions>
    </Filter>
    <Filter Include="Header Files">
      <UniqueIdentifier>{93995380-89BD-4b04-88EB-625FBE52EBFB}</UniqueIdentifier>
      <Extensions>h;hh;hpp;hxx;hm;inl;inc;xsd</Extensions>
    </Filter>
    <Filter Include="Resource Files">
      <UniqueIdentifier>{67DA6AB6-F800-4c08-8B7A-83BB121AAD01}</UniqueIdentifier>
      <Extensions>rc;ico;cur;bmp;dlg;rc2;rct;bin;rgs;gif;jpg;jpeg;jpe;resx;tiff;tif;png;wav;mfcribbon-ms</Extensions>
    </Filter>
    <Filter Include="Header Files\lcommon">
      <UniqueIdentifier>{6a0c97e2-1c16-49f9-87de-5542e0fa193b}</UniqueIdentifier>
    </Filter>
    <Filter Include="Source Files\lcommon">
      <UniqueIdentifier>{9912fe18-48ac-48b5-8514-c0dd5b54683c}</UniqueIdentifier>
    </Filter>
  </ItemGroup>
  <ItemGroup>
    <ClCompile Include="..\..\thirdparty\JM\ldecod\src\annexb.c">
      <Filter>Source Files</Filter>
    </ClCompile>
    <ClCompile Include="..\..\thirdparty\JM\ldecod\src\biaridecod.c">
      <Filter>Source Files</Filter>
    </ClCompile>
    <ClCompile Include="..\..\thirdparty\JM\ldecod\src\block.c">
      <Filter>Source Files</Filter>
    </ClCompile>
    <ClCompile Include="..\..\thirdparty\JM\ldecod\src\cabac.c">
      <Filter>Source Files</Filter>
    </ClCompile>
    <ClCompile Include="..\..\thirdparty\JM\ldecod\src\configfile.c">
      <Filter>Source Files</Filter>
    </ClCompile>
    <ClCompile Include="..\..\thirdparty\JM\ldecod\src\context_ini.c">
      <Filter>Source Files</Filter>
    </ClCompile>
    <ClCompile Include="..\..\thirdparty\JM\ldecod\src\dec_statistics.c">
      <Filter>Source Files</Filter>
    </ClCompile>
    <ClCompile Include="..\..\thirdparty\JM\ldecod\src\decoder_test.c">
      <Filter>Source Files</Filter>
    </ClCompile>
    <ClCompile Include="..\..\thirdparty\JM\ldecod\src\erc_api.c">
      <Filter>Source Files</Filter>
    </ClCompile>
    <ClCompile Include="..\..\thirdparty\JM\ldecod\src\erc_do_i.c">
      <Filter>Source Files</Filter>
    </ClCompile>
    <ClCompile Include="..\..\thirdparty\JM\ldecod\src\erc_do_p.c">
      <Filter>Source Files</Filter>
    </ClCompile>
    <ClCompile Include="..\..\thirdparty\JM\ldecod\src\errorconcealment.c">
      <Filter>Source Files</Filter>
    </ClCompile>
    <ClCompile Include="..\..\thirdparty\JM\ldecod\src\filehandle.c">
      <Filter>Source Files</Filter>
    </ClCompile>
    <ClCompile Include="..\..\thirdparty\JM\ldecod\src\fmo.c">
      <Filter>Source Files</Filter>
    </ClCompile>
    <ClCompile Include="..\..\thirdparty\JM\ldecod\src\header.c">
      <Filter>Source Files</Filter>
    </ClCompile>
    <ClCompile Include="..\..\thirdparty\JM\ldecod\src\image.c">
      <Filter>Source Files</Filter>
    </ClCompile>
    <ClCompile Include="..\..\thirdparty\JM\ldecod\src\intra_chroma_pred.c">
      <Filter>Source Files</Filter>
    </ClCompile>
    <ClCompile Include="..\..\thirdparty\JM\ldecod\src\intra_chroma_pred_mbaff.c">
      <Filter>Source Files</Filter>
    </ClCompile>
    <ClCompile Include="..\..\thirdparty\JM\ldecod\src\intra_pred_common.c">
      <Filter>Source Files</Filter>
    </ClCompile>
    <ClCompile Include="..\..\thirdparty\JM\ldecod\src\intra4x4_pred.c">
      <Filter>Source Files</Filter>
    </ClCompile>
    <ClCompile Include="..\..\thirdparty\JM\ldecod\src\intra4x4_pred_mbaff.c">
      <Filter>Source Files</Filter>
    </ClCompile>
    <ClCompile Include="..\..\thirdparty\JM\ldecod\src\intra4x4_pred_normal.c">
      <Filter>Source Files</Filter>
    </ClCompile>
    <ClCompile Include="..\..\thirdparty\JM\ldecod\src\intra8x8_pred.c">
      <Filter>Source Files</Filter>
    </ClCompile>
    <ClCompile Include="..\..\thirdparty\JM\ldecod\src\intra8x8_pred_mbaff.c">
      <Filter>Source Files</Filter>
    </ClCompile>
    <ClCompile Include="..\..\thirdparty\JM\ldecod\src\intra8x8_pred_normal.c">
      <Filter>Source Files</Filter>
    </ClCompile>
    <ClCompile Include="..\..\thirdparty\JM\ldecod\src\intra16x16_pred.c">
      <Filter>Source Files</Filter>
    </ClCompile>
    <ClCompile Include="..\..\thirdparty\JM\ldecod\src\intra16x16_pred_mbaff.c">
      <Filter>Source Files</Filter>
    </ClCompile>
    <ClCompile Include="..\..\thirdparty\JM\ldecod\src\intra16x16_pred_normal.c">
      <Filter>Source Files</Filter>
    </ClCompile>
    <ClCompile Include="..\..\thirdparty\JM\ldecod\src\ldecod.c">
      <Filter>Source Files</Filter>
    </ClCompile>
    <ClCompile Include="..\..\thirdparty\JM\ldecod\src\leaky_bucket.c">
      <Filter>Source Files</Filter>
    </ClCompile>
    <ClCompile Include="..\..\thirdparty\JM\ldecod\src\loop_filter_mbaff.c">
      <Filter>Source Files</Filter>
    </ClCompile>
    <ClCompile Include="..\..\thirdparty\JM\ldecod\src\loop_filter_normal.c">
      <Filter>Source Files</Filter>
    </ClCompile>
    <ClCompile Include="..\..\thirdparty\JM\ldecod\src\loopFilter.c">
      <Filter>Source Files</Filter>
    </ClCompile>
    <ClCompile Include="..\..\thirdparty\JM\ldecod\src\macroblock.c">
      <Filter>Source Files</Filter>
    </ClCompile>
    <ClCompile Include="..\..\thirdparty\JM\ldecod\src\mb_access.c">
      <Filter>Source Files</Filter>
    </ClCompile>
    <ClCompile Include="..\..\thirdparty\JM\ldecod\src\mb_prediction.c">
      <Filter>Source Files</Filter>
    </ClCompile>
    <ClCompile Include="..\..\thirdparty\JM\ldecod\src\mb_read.c">
      <Filter>Source Files</Filter>
    </ClCompile>
    <ClCompile Include="..\..\thirdparty\JM\ldecod\src\mbuffer.c">
      <Filter>Source Files</Filter>
    </ClCompile>
    <ClCompile Include="..\..\thirdparty\JM\ldecod\src\mbuffer_mvc.c">
      <Filter>Source Files</Filter>
    </ClCompile>
    <ClCompile Include="..\..\thirdparty\JM\ldecod\src\mc_direct.c">
      <Filter>Source Files</Filter>
    </ClCompile>
    <ClCompile Include="..\..\thirdparty\JM\ldecod\src\mc_prediction.c">
      <Filter>Source Files</Filter>
    </ClCompile>
    <ClCompile Include="..\..\thirdparty\JM\ldecod\src\nal.c">
      <Filter>Source Files</Filter>
    </ClCompile>
    <ClCompile Include="..\..\thirdparty\JM\ldecod\src\nalu.c">
      <Filter>Source Files</Filter>
    </ClCompile>
    <ClCompile Include="..\..\thirdparty\JM\ldecod\src\output.c">
      <Filter>Source Files</Filter>
    </ClCompile>
    <ClCompile Include="..\..\thirdparty\JM\ldecod\src\parset.c">
      <Filter>Source Files</Filter>
    </ClCompile>
    <ClCompile Include="..\..\thirdparty\JM\ldecod\src\quant.c">
      <Filter>Source Files</Filter>
    </ClCompile>
    <ClCompile Include="..\..\thirdparty\JM\ldecod\src\read_comp_cabac.c">
      <Filter>Source Files</Filter>
    </ClCompile>
    <ClCompile Include="..\..\thirdparty\JM\ldecod\src\read_comp_cavlc.c">
      <Filter>Source Files</Filter>
    </ClCompile>
    <ClCompile Include="..\..\thirdparty\JM\ldecod\src\rtp.c">
      <Filter>Source Files</Filter>
    </ClCompile>
    <ClCompile Include="..\..\thirdparty\JM\ldecod\src\sei.c">
      <Filter>Source Files</Filter>
    </ClCompile>
    <ClCompile Include="..\..\thirdparty\JM\ldecod\src\transform8x8.c">
      <Filter>Source Files</Filter>
    </ClCompile>
    <ClCompile Include="..\..\thirdparty\JM\ldecod\src\vlc.c">
      <Filter>Source Files</Filter>
    </ClCompile>
    <ClCompile Include="..\..\thirdparty\JM\lcommon\src\blk_prediction.c">
      <Filter>Source Files\lcommon</Filter>
    </ClCompile>
    <ClCompile Include="..\..\thirdparty\JM\lcommon\src\config_common.c">
      <Filter>Source Files\lcommon</Filter>
    </ClCompile>
    <ClCompile Include="..\..\thirdparty\JM\lcommon\src\img_io.c">
      <Filter>Source Files\lcommon</Filter>
    </ClCompile>
    <ClCompile Include="..\..\thirdparty\JM\lcommon\src\img_process.c">
      <Filter>Source Files\lcommon</Filter>
    </ClCompile>
    <ClCompile Include="..\..\thirdparty\JM\lcommon\src\input.c">
      <Filter>Source Files\lcommon</Filter>
    </ClCompile>
    <ClCompile Include="..\..\thirdparty\JM\lcommon\src\io_raw.c">
      <Filter>Source Files\lcommon</Filter>
    </ClCompile>
    <ClCompile Include="..\..\thirdparty\JM\lcommon\src\io_tiff.c">
      <Filter>Source Files\lcommon</Filter>
    </ClCompile>
    <ClCompile Include="..\..\thirdparty\JM\lcommon\src\mbuffer_common.c">
      <Filter>Source Files\lcommon</Filter>
    </ClCompile>
    <ClCompile Include="..\..\thirdparty\JM\lcommon\src\memalloc.c">
      <Filter>Source Files\lcommon</Filter>
    </ClCompile>
    <ClCompile Include="..\..\thirdparty\JM\lcommon\src\mv_prediction.c">
      <Filter>Source Files\lcommon</Filter>
    </ClCompile>
    <ClCompile Include="..\..\thirdparty\JM\lcommon\src\nalucommon.c">
      <Filter>Source Files\lcommon</Filter>
    </ClCompile>
    <ClCompile Include="..\..\thirdparty\JM\lcommon\src\parsetcommon.c">
      <Filter>Source Files\lcommon</Filter>
    </ClCompile>
    <ClCompile Include="..\..\thirdparty\JM\lcommon\src\resize.c">
      <Filter>Source Files\lcommon</Filter>
    </ClCompile>
    <ClCompile Include="..\..\thirdparty\JM\lcommon\src\transform.c">
      <Filter>Source Files\lcommon</Filter>
    </ClCompile>
    <ClCompile Include="..\..\thirdparty\JM\lcommon\src\win32.c">
      <Filter>Source Files\lcommon</Filter>
    </ClCompile>
  </ItemGroup>
  <ItemGroup>
    <ClInclude Include="..\..\thirdparty\JM\ldecod\inc\annexb.h">
      <Filter>Header Files</Filter>
    </ClInclude>
    <ClInclude Include="..\..\thirdparty\JM\ldecod\inc\biaridecod.h">
      <Filter>Header Files</Filter>
    </ClInclude>
    <ClInclude Include="..\..\thirdparty\JM\ldecod\inc\block.h">
      <Filter>Header Files</Filter>
    </ClInclude>
    <ClInclude Include="..\..\thirdparty\JM\ldecod\inc\cabac.h">
      <Filter>Header Files</Filter>
    </ClInclude>
    <ClInclude Include="..\..\thirdparty\JM\ldecod\inc\configfile.h">
      <Filter>Header Files</Filter>
    </ClInclude>
    <ClInclude Include="..\..\thirdparty\JM\ldecod\inc\context_ini.h">
      <Filter>Header Files</Filter>
    </ClInclude>
    <ClInclude Include="..\..\thirdparty\JM\ldecod\inc\contributors.h">
      <Filter>Header Files</Filter>
    </ClInclude>
    <ClInclude Include="..\..\thirdparty\JM\ldecod\inc\dec_statistics.h">
      <Filter>Header Files</Filter>
    </ClInclude>
    <ClInclude Include="..\..\thirdparty\JM\ldecod\inc\defines.h">
      <Filter>Header Files</Filter>
    </ClInclude>
    <ClInclude Include="..\..\thirdparty\JM\ldecod\inc\elements.h">
      <Filter>Header Files</Filter>
    </ClInclude>
    <ClInclude Include="..\..\thirdparty\JM\ldecod\inc\erc_api.h">
      <Filter>Header Files</Filter>
    </ClInclude>
    <ClInclude Include="..\..\thirdparty\JM\ldecod\inc\erc_do.h">
      <Filter>Header Files</Filter>
    </ClInclude>
    <ClInclude Include="..\..\thirdparty\JM\ldecod\inc\erc_globals.h">
      <Filter>Header Files</Filter>
    </ClInclude>
    <ClInclude Include="..\..\thirdparty\JM\ldecod\inc\errorconcealment.h">
      <Filter>Header Files</Filter>
    </ClInclude>
    <ClInclude Include="..\..\thirdparty\JM\ldecod\inc\filehandle.h">
      <Filter>Header Files</Filter>
    </ClInclude>
    <ClInclude Include="..\..\thirdparty\JM\ldecod\inc\fmo.h">
      <Filter>Header Files</Filter>
    </ClInclude>
    <ClInclude Include="..\..\thirdparty\JM\ldecod\inc\global.h">
      <Filter>Header Files</Filter>
    </ClInclude>
    <ClInclude Include="..\..\thirdparty\JM\ldecod\inc\h264decoder.h">
      <Filter>Header Files</Filter>
    </ClInclude>
    <ClInclude Include="..\..\thirdparty\JM\ldecod\inc\header.h">
      <Filter>Header Files</Filter>
    </ClInclude>
    <ClInclude Include="..\..\thirdparty\JM\ldecod\inc\image.h">
      <Filter>Header Files</Filter>
    </ClInclude>
    <ClInclude Include="..\..\thirdparty\JM\ldecod\inc\intra4x4_pred.h">
      <Filter>Header Files</Filter>
    </ClInclude>
    <ClInclude Include="..\..\thirdparty\JM\ldecod\inc\intra8x8_pred.h">
      <Filter>Header Files</Filter>
    </ClInclude>
    <ClInclude Include="..\..\thirdparty\JM\ldecod\inc\intra16x16_pred.h">
      <Filter>Header Files</Filter>
    </ClInclude>
    <ClInclude Include="..\..\thirdparty\JM\ldecod\inc\leaky_bucket.h">
      <Filter>Header Files</Filter>
    </ClInclude>
    <ClInclude Include="..\..\thirdparty\JM\ldecod\inc\loop_filter.h">
      <Filter>Header Files</Filter>
    </ClInclude>
    <ClInclude Include="..\..\thirdparty\JM\ldecod\inc\loopfilter.h">
      <Filter>Header Files</Filter>
    </ClInclude>
    <ClInclude Include="..\..\thirdparty\JM\ldecod\inc\macroblock.h">
      <Filter>Header Files</Filter>
    </ClInclude>
    <ClInclude Include="..\..\thirdparty\JM\ldecod\inc\mb_prediction.h">
      <Filter>Header Files</Filter>
    </ClInclude>
    <ClInclude Include="..\..\thirdparty\JM\ldecod\inc\mbuffer.h">
      <Filter>Header Files</Filter>
    </ClInclude>
    <ClInclude Include="..\..\thirdparty\JM\ldecod\inc\mbuffer_mvc.h">
      <Filter>Header Files</Filter>
    </ClInclude>
    <ClInclude Include="..\..\thirdparty\JM\ldecod\inc\mc_prediction.h">
      <Filter>Header Files</Filter>
    </ClInclude>
    <ClInclude Include="..\..\thirdparty\JM\ldecod\inc\nalu.h">
      <Filter>Header Files</Filter>
    </ClInclude>
    <ClInclude Include="..\..\thirdparty\JM\ldecod\inc\output.h">
      <Filter>Header Files</Filter>
    </ClInclude>
    <ClInclude Include="..\..\thirdparty\JM\ldecod\inc\parset.h">
      <Filter>Header Files</Filter>
    </ClInclude>
    <ClInclude Include="..\..\thirdparty\JM\ldecod\inc\quant.h">
      <Filter>Header Files</Filter>
    </ClInclude>
    <ClInclude Include="..\..\thirdparty\JM\ldecod\inc\rtp.h">
      <Filter>Header Files</Filter>
    </ClInclude>
    <ClInclude Include="..\..\thirdparty\JM\ldecod\inc\sei.h">
      <Filter>Header Files</Filter>
    </ClInclude>
    <ClInclude Include="..\..\thirdparty\JM\ldecod\inc\transform8x8.h">
      <Filter>Header Files</Filter>
    </ClInclude>
    <ClInclude Include="..\..\thirdparty\JM\ldecod\inc\vlc.h">
      <Filter>Header Files</Filter>
    </ClInclude>
    <ClInclude Include="..\..\thirdparty\JM\lcommon\inc\blk_prediction.h">
      <Filter>Header Files\lcommon</Filter>
    </ClInclude>
    <ClInclude Include="..\..\thirdparty\JM\lcommon\inc\config_common.h">
      <Filter>Header Files\lcommon</Filter>
    </ClInclude>
    <ClInclude Include="..\..\thirdparty\JM\lcommon\inc\ctx_tables.h">
      <Filter>Header Files\lcommon</Filter>
    </ClInclude>
    <ClInclude Include="..\..\thirdparty\JM\lcommon\inc\distortion.h">
      <Filter>Header Files\lcommon</Filter>
    </ClInclude>
    <ClInclude Include="..\..\thirdparty\JM\lcommon\inc\enc_statistics.h">
      <Filter>Header Files\lcommon</Filter>
    </ClInclude>
    <ClInclude Include="..\..\thirdparty\JM\lcommon\inc\fast_memory.h">
      <Filter>Header Files\lcommon</Filter>
    </ClInclude>
    <ClInclude Include="..\..\thirdparty\JM\lcommon\inc\frame.h">
      <Filter>Header Files\lcommon</Filter>
    </ClInclude>
    <ClInclude Include="..\..\thirdparty\JM\lcommon\inc\ifunctions.h">
      <Filter>Header Files\lcommon</Filter>
    </ClInclude>
    <ClInclude Include="..\..\thirdparty\JM\lcommon\inc\img_io.h">
      <Filter>Header Files\lcommon</Filter>
    </ClInclude>
    <ClInclude Include="..\..\thirdparty\JM\lcommon\inc\img_process.h">
      <Filter>Header Files\lcommon</Filter>
    </ClInclude>
    <ClInclude Include="..\..\thirdparty\JM\lcommon\inc\img_process_types.h">
      <Filter>Header Files\lcommon</Filter>
    </ClInclude>
    <ClInclude Include="..\..\thirdparty\JM\lcommon\inc\input.h">
      <Filter>Header Files\lcommon</Filter>
    </ClInclude>
    <ClInclude Include="..\..\thirdparty\JM\lcommon\inc\io_image.h">
      <Filter>Header Files\lcommon</Filter>
    </ClInclude>
    <ClInclude Include="..\..\thirdparty\JM\lcommon\inc\io_raw.h">
      <Filter>Header Files\lcommon</Filter>
    </ClInclude>
    <ClInclude Include="..\..\thirdparty\JM\lcommon\inc\io_tiff.h">
      <Filter>Header Files\lcommon</Filter>
    </ClInclude>
    <ClInclude Include="..\..\thirdparty\JM\lcommon\inc\io_video.h">
      <Filter>Header Files\lcommon</Filter>
    </ClInclude>
    <ClInclude Include="..\..\thirdparty\JM\lcommon\inc\lagrangian.h">
      <Filter>Header Files\lcommon</Filter>
    </ClInclude>
    <ClInclude Include="..\..\thirdparty\JM\lcommon\inc\mb_access.h">
      <Filter>Header Files\lcommon</Filter>
    </ClInclude>
    <ClInclude Include="..\..\thirdparty\JM\lcommon\inc\mbuffer_common.h">
      <Filter>Header Files\lcommon</Filter>
    </ClInclude>
    <ClInclude Include="..\..\thirdparty\JM\lcommon\inc\memalloc.h">
      <Filter>Header Files\lcommon</Filter>
    </ClInclude>
    <ClInclude Include="..\..\thirdparty\JM\lcommon\inc\mv_prediction.h">
      <Filter>Header Files\lcommon</Filter>
    </ClInclude>
    <ClInclude Include="..\..\thirdparty\JM\lcommon\inc\nalucommon.h">
      <Filter>Header Files\lcommon</Filter>
    </ClInclude>
    <ClInclude Include="..\..\thirdparty\JM\lcommon\inc\parsetcommon.h">
      <Filter>Header Files\lcommon</Filter>
    </ClInclude>
    <ClInclude Include="..\..\thirdparty\JM\lcommon\inc\quant_params.h">
      <Filter>Header Files\lcommon</Filter>
    </ClInclude>
    <ClInclude Include="..\..\thirdparty\JM\lcommon\inc\report.h">
      <Filter>Header Files\lcommon</Filter>
    </ClInclude>
    <ClInclude Include="..\..\thirdparty\JM\lcommon\inc\resize.h">
      <Filter>Header Files\lcommon</Filter>
    </ClInclude>
    <ClInclude Include="..\..\thirdparty\JM\lcommon\inc\transform.h">
      <Filter>Header Files\lcommon</Filter>
    </ClInclude>
    <ClInclude Include="..\..\thirdparty\JM\lcommon\inc\typedefs.h">
      <Filter>Header Files\lcommon</Filter>
    </ClInclude>
    <ClInclude Include="..\..\thirdparty\JM\lcommon\inc\types.h">
      <Filter>Header Files\lcommon</Filter>
    </ClInclude>
    <ClInclude Include="..\..\thirdparty\JM\lcommon\inc\vui_params.h">
      <Filter>Header Files\lcommon</Filter>
    </ClInclude>
    <ClInclude Include="..\..\thirdparty\JM\lcommon\inc\win32.h">
      <Filter>Header Files\lcommon</Filter>
    </ClInclude>
  </ItemGroup>
</Project>