
Microsoft Visual Studio Solution File, Format Version 12.00
# Visual Studio 14
VisualStudioVersion = 14.0.25420.1
MinimumVisualStudioVersion = 10.0.40219.1
Project("{8BC9CEB8-8B4A-11D0-8D11-00A0C91BC942}") = "AvsTools", "AvsTools\AvsTools.vcxproj", "{D2EE1A9A-D7BC-4BEE-99F7-41313913860E}"
EndProject
Project("{8BC9CEB8-8B4A-11D0-8D11-00A0C91BC942}") = "ssifSource", "ssifSource\ssifSource.vcxproj", "{82F991A6-5C7D-4146-BF57-1C2DC1A9897C}"
EndProject
Project("{8BC9CEB8-8B4A-11D0-8D11-00A0C91BC942}") = "BaseClasses", "BaseClasses\BaseClasses.vcxproj", "{E7205816-9D04-4A04-A8E8-53F0D19EA25C}"
EndProject
Project("{8BC9CEB8-8B4A-11D0-8D11-00A0C91BC942}") = "libufileread", "libufileread\libufileread.vcxproj", "{E2AD9B82-518D-4C3A-853D-6AE58E816F7D}"
EndProject
Project("{8BC9CEB8-8B4A-11D0-8D11-00A0C91BC942}") = "libudfread", "libudfread\libudfread.vcxproj", "{E7E63CD5-9EF3-48F0-9708-2EA926A0DEC3}"
EndProject
Project("{8BC9CEB8-8B4A-11D0-8D11-00A0C91BC942}") = "MpegSplitter", "MpegSplitter\MpegSplitter.vcxproj", "{7531C193-4FC8-4D55-A41B-97853693999F}"
EndProject
Project("{2150E333-8FDC-42A3-9474-1A3956D46DE8}") = "thirdparty", "thirdparty", "{280E1A8B-34D8-434A-8923-22DBDF2AC3FA}"
EndProject
Project("{8BC9CEB8-8B4A-11D0-8D11-00A0C91BC942}") = "LoadHelper", "LoadHelper\LoadHelper.vcxproj", "{C251383F-3629-40A3-9511-462577C0E56E}"
EndProject
Project("{8BC9CEB8-8B4A-11D0-8D11-00A0C91BC942}") = "Lua", "Lua\Lua.vcxproj", "{13478569-05CC-4AB3-BC90-C20C210CD3F3}"
EndProject
Project("{8BC9CEB8-8B4A-11D0-8D11-00A0C91BC942}") = "CoreAVCWrapper", "CoreAVCWrapper\CoreAVCWrapper.vcxproj", "{6E323EDA-E1F1-4C21-9FBE-38401AE66D0D}"
EndProject
Project("{8BC9CEB8-8B4A-11D0-8D11-00A0C91BC942}") = "FilmTester", "FilmTester\FilmTester.vcxproj", "{B245A205-A91B-45D3-89F3-030F74E39689}"
EndProject
Project("{8BC9CEB8-8B4A-11D0-8D11-00A0C91BC942}") = "tinyxml2", "tinyxml2\tinyxml2.vcxproj", "{E8B806E6-4E67-4EA7-90E8-312A85D891C0}"
EndProject
Project("{8BC9CEB8-8B4A-11D0-8D11-00A0C91BC942}") = "Sub3D", "Sub3D\Sub3D.vcxproj", "{42B83F03-D4C4-4286-8CE1-5A55ABCF5788}"
EndProject
Global
	GlobalSection(SolutionConfigurationPlatforms) = preSolution
		Debug|x64 = Debug|x64
		Debug|x86 = Debug|x86
		Release|x64 = Release|x64
		Release|x86 = Release|x86
	EndGlobalSection
	GlobalSection(ProjectConfigurationPlatforms) = postSolution
		{D2EE1A9A-D7BC-4BEE-99F7-41313913860E}.Debug|x64.ActiveCfg = Debug|x64
		{D2EE1A9A-D7BC-4BEE-99F7-41313913860E}.Debug|x64.Build.0 = Debug|x64
		{D2EE1A9A-D7BC-4BEE-99F7-41313913860E}.Debug|x86.ActiveCfg = Debug|Win32
		{D2EE1A9A-D7BC-4BEE-99F7-41313913860E}.Debug|x86.Build.0 = Debug|Win32
		{D2EE1A9A-D7BC-4BEE-99F7-41313913860E}.Release|x64.ActiveCfg = Release|x64
		{D2EE1A9A-D7BC-4BEE-99F7-41313913860E}.Release|x64.Build.0 = Release|x64
		{D2EE1A9A-D7BC-4BEE-99F7-41313913860E}.Release|x86.ActiveCfg = Release|Win32
		{D2EE1A9A-D7BC-4BEE-99F7-41313913860E}.Release|x86.Build.0 = Release|Win32
		{82F991A6-5C7D-4146-BF57-1C2DC1A9897C}.Debug|x64.ActiveCfg = Debug|Win32
		{82F991A6-5C7D-4146-BF57-1C2DC1A9897C}.Debug|x86.ActiveCfg = Debug|Win32
		{82F991A6-5C7D-4146-BF57-1C2DC1A9897C}.Debug|x86.Build.0 = Debug|Win32
		{82F991A6-5C7D-4146-BF57-1C2DC1A9897C}.Release|x64.ActiveCfg = Release|Win32
		{82F991A6-5C7D-4146-BF57-1C2DC1A9897C}.Release|x86.ActiveCfg = Release|Win32
		{82F991A6-5C7D-4146-BF57-1C2DC1A9897C}.Release|x86.Build.0 = Release|Win32
		{E7205816-9D04-4A04-A8E8-53F0D19EA25C}.Debug|x64.ActiveCfg = Debug|x64
		{E7205816-9D04-4A04-A8E8-53F0D19EA25C}.Debug|x64.Build.0 = Debug|x64
		{E7205816-9D04-4A04-A8E8-53F0D19EA25C}.Debug|x86.ActiveCfg = Debug|Win32
		{E7205816-9D04-4A04-A8E8-53F0D19EA25C}.Debug|x86.Build.0 = Debug|Win32
		{E7205816-9D04-4A04-A8E8-53F0D19EA25C}.Release|x64.ActiveCfg = Release|x64
		{E7205816-9D04-4A04-A8E8-53F0D19EA25C}.Release|x64.Build.0 = Release|x64
		{E7205816-9D04-4A04-A8E8-53F0D19EA25C}.Release|x86.ActiveCfg = Release|Win32
		{E7205816-9D04-4A04-A8E8-53F0D19EA25C}.Release|x86.Build.0 = Release|Win32
		{E2AD9B82-518D-4C3A-853D-6AE58E816F7D}.Debug|x64.ActiveCfg = Debug|x64
		{E2AD9B82-518D-4C3A-853D-6AE58E816F7D}.Debug|x64.Build.0 = Debug|x64
		{E2AD9B82-518D-4C3A-853D-6AE58E816F7D}.Debug|x86.ActiveCfg = Debug|Win32
		{E2AD9B82-518D-4C3A-853D-6AE58E816F7D}.Debug|x86.Build.0 = Debug|Win32
		{E2AD9B82-518D-4C3A-853D-6AE58E816F7D}.Release|x64.ActiveCfg = Release|x64
		{E2AD9B82-518D-4C3A-853D-6AE58E816F7D}.Release|x64.Build.0 = Release|x64
		{E2AD9B82-518D-4C3A-853D-6AE58E816F7D}.Release|x86.ActiveCfg = Release|Win32
		{E2AD9B82-518D-4C3A-853D-6AE58E816F7D}.Release|x86.Build.0 = Release|Win32
		{E7E63CD5-9EF3-48F0-9708-2EA926A0DEC3}.Debug|x64.ActiveCfg = Debug|x64
		{E7E63CD5-9EF3-48F0-9708-2EA926A0DEC3}.Debug|x64.Build.0 = Debug|x64
		{E7E63CD5-9EF3-48F0-9708-2EA926A0DEC3}.Debug|x86.ActiveCfg = Debug|Win32
		{E7E63CD5-9EF3-48F0-9708-2EA926A0DEC3}.Debug|x86.Build.0 = Debug|Win32
		{E7E63CD5-9EF3-48F0-9708-2EA926A0DEC3}.Release|x64.ActiveCfg = Release|x64
		{E7E63CD5-9EF3-48F0-9708-2EA926A0DEC3}.Release|x64.Build.0 = Release|x64
		{E7E63CD5-9EF3-48F0-9708-2EA926A0DEC3}.Release|x86.ActiveCfg = Release|Win32
		{E7E63CD5-9EF3-48F0-9708-2EA926A0DEC3}.Release|x86.Build.0 = Release|Win32
		{7531C193-4FC8-4D55-A41B-97853693999F}.Debug|x64.ActiveCfg = Debug|x64
		{7531C193-4FC8-4D55-A41B-97853693999F}.Debug|x64.Build.0 = Debug|x64
		{7531C193-4FC8-4D55-A41B-97853693999F}.Debug|x86.ActiveCfg = Debug|Win32
		{7531C193-4FC8-4D55-A41B-97853693999F}.Debug|x86.Build.0 = Debug|Win32
		{7531C193-4FC8-4D55-A41B-97853693999F}.Release|x64.ActiveCfg = Release|x64
		{7531C193-4FC8-4D55-A41B-97853693999F}.Release|x64.Build.0 = Release|x64
		{7531C193-4FC8-4D55-A41B-97853693999F}.Release|x86.ActiveCfg = Release|Win32
		{7531C193-4FC8-4D55-A41B-97853693999F}.Release|x86.Build.0 = Release|Win32
		{C251383F-3629-40A3-9511-462577C0E56E}.Debug|x64.ActiveCfg = Debug|Win32
		{C251383F-3629-40A3-9511-462577C0E56E}.Debug|x86.ActiveCfg = Debug|Win32
		{C251383F-3629-40A3-9511-462577C0E56E}.Debug|x86.Build.0 = Debug|Win32
		{C251383F-3629-40A3-9511-462577C0E56E}.Release|x64.ActiveCfg = Release|Win32
		{C251383F-3629-40A3-9511-462577C0E56E}.Release|x86.ActiveCfg = Release|Win32
		{C251383F-3629-40A3-9511-462577C0E56E}.Release|x86.Build.0 = Release|Win32
		{13478569-05CC-4AB3-BC90-C20C210CD3F3}.Debug|x64.ActiveCfg = Debug|x64
		{13478569-05CC-4AB3-BC90-C20C210CD3F3}.Debug|x64.Build.0 = Debug|x64
		{13478569-05CC-4AB3-BC90-C20C210CD3F3}.Debug|x86.ActiveCfg = Debug|Win32
		{13478569-05CC-4AB3-BC90-C20C210CD3F3}.Debug|x86.Build.0 = Debug|Win32
		{13478569-05CC-4AB3-BC90-C20C210CD3F3}.Release|x64.ActiveCfg = Release|x64
		{13478569-05CC-4AB3-BC90-C20C210CD3F3}.Release|x64.Build.0 = Release|x64
		{13478569-05CC-4AB3-BC90-C20C210CD3F3}.Release|x86.ActiveCfg = Release|Win32
		{13478569-05CC-4AB3-BC90-C20C210CD3F3}.Release|x86.Build.0 = Release|Win32
		{6E323EDA-E1F1-4C21-9FBE-38401AE66D0D}.Debug|x64.ActiveCfg = Debug|Win32
		{6E323EDA-E1F1-4C21-9FBE-38401AE66D0D}.Debug|x86.ActiveCfg = Debug|Win32
		{6E323EDA-E1F1-4C21-9FBE-38401AE66D0D}.Debug|x86.Build.0 = Debug|Win32
		{6E323EDA-E1F1-4C21-9FBE-38401AE66D0D}.Release|x64.ActiveCfg = Release|Win32
		{6E323EDA-E1F1-4C21-9FBE-38401AE66D0D}.Release|x86.ActiveCfg = Release|Win32
		{6E323EDA-E1F1-4C21-9FBE-38401AE66D0D}.Release|x86.Build.0 = Release|Win32
		{B245A205-A91B-45D3-89F3-030F74E39689}.Debug|x64.ActiveCfg = Debug|Win32
		{B245A205-A91B-45D3-89F3-030F74E39689}.Debug|x86.ActiveCfg = Debug|Win32
		{B245A205-A91B-45D3-89F3-030F74E39689}.Debug|x86.Build.0 = Debug|Win32
		{B245A205-A91B-45D3-89F3-030F74E39689}.Release|x64.ActiveCfg = Release|Win32
		{B245A205-A91B-45D3-89F3-030F74E39689}.Release|x86.ActiveCfg = Release|Win32
		{B245A205-A91B-45D3-89F3-030F74E39689}.Release|x86.Build.0 = Release|Win32
		{E8B806E6-4E67-4EA7-90E8-312A85D891C0}.Debug|x64.ActiveCfg = Debug|x64
		{E8B806E6-4E67-4EA7-90E8-312A85D891C0}.Debug|x64.Build.0 = Debug|x64
		{E8B806E6-4E67-4EA7-90E8-312A85D891C0}.Debug|x86.ActiveCfg = Debug|Win32
		{E8B806E6-4E67-4EA7-90E8-312A85D891C0}.Debug|x86.Build.0 = Debug|Win32
		{E8B806E6-4E67-4EA7-90E8-312A85D891C0}.Release|x64.ActiveCfg = Release|x64
		{E8B806E6-4E67-4EA7-90E8-312A85D891C0}.Release|x64.Build.0 = Release|x64
		{E8B806E6-4E67-4EA7-90E8-312A85D891C0}.Release|x86.ActiveCfg = Release|Win32
		{E8B806E6-4E67-4EA7-90E8-312A85D891C0}.Release|x86.Build.0 = Release|Win32
		{42B83F03-D4C4-4286-8CE1-5A55ABCF5788}.Debug|x64.ActiveCfg = Debug|Win32
		{42B83F03-D4C4-4286-8CE1-5A55ABCF5788}.Debug|x86.ActiveCfg = Debug|Win32
		{42B83F03-D4C4-4286-8CE1-5A55ABCF5788}.Debug|x86.Build.0 = Debug|Win32
		{42B83F03-D4C4-4286-8CE1-5A55ABCF5788}.Release|x64.ActiveCfg = Release|Win32
		{42B83F03-D4C4-4286-8CE1-5A55ABCF5788}.Release|x86.ActiveCfg = Release|Win32
		{42B83F03-D4C4-4286-8CE1-5A55ABCF5788}.Release|x86.Build.0 = Release|Win32
	EndGlobalSection
	GlobalSection(SolutionProperties) = preSolution
		HideSolutionNode = FALSE
	EndGlobalSection
	GlobalSection(NestedProjects) = preSolution
		{E7205816-9D04-4A04-A8E8-53F0D19EA25C} = {280E1A8B-34D8-434A-8923-22DBDF2AC3FA}
		{E2AD9B82-518D-4C3A-853D-6AE58E816F7D} = {280E1A8B-34D8-434A-8923-22DBDF2AC3FA}
		{E7E63CD5-9EF3-48F0-9708-2EA926A0DEC3} = {280E1A8B-34D8-434A-8923-22DBDF2AC3FA}
		{7531C193-4FC8-4D55-A41B-97853693999F} = {280E1A8B-34D8-434A-8923-22DBDF2AC3FA}
		{13478569-05CC-4AB3-BC90-C20C210CD3F3} = {280E1A8B-34D8-434A-8923-22DBDF2AC3FA}
		{E8B806E6-4E67-4EA7-90E8-312A85D891C0} = {280E1A8B-34D8-434A-8923-22DBDF2AC3FA}
	EndGlobalSection
EndGlobal
